
Microsoft Visual Studio Solution File, Format Version 12.00
# Visual Studio Version 17
VisualStudioVersion = 17.5.002.0
MinimumVisualStudioVersion = 10.0.40219.1
Project("{9A19103F-16F7-4668-BE54-9A1E7A4F7556}") = "DesafioPOO", "DesafioPOO.csproj", "{ABF27C12-2E25-4C40-A7FC-1BFE03973888}"
EndProject
Global
	GlobalSection(SolutionConfigurationPlatforms) = preSolution
		Debug|Any CPU = Debug|Any CPU
		Release|Any CPU = Release|Any CPU
	EndGlobalSection
	GlobalSection(ProjectConfigurationPlatforms) = postSolution
		{ABF27C12-2E25-4C40-A7FC-1BFE03973888}.Debug|Any CPU.ActiveCfg = Debug|Any CPU
		{ABF27C12-2E25-4C40-A7FC-1BFE03973888}.Debug|Any CPU.Build.0 = Debug|Any CPU
		{ABF27C12-2E25-4C40-A7FC-1BFE03973888}.Release|Any CPU.ActiveCfg = Release|Any CPU
		{ABF27C12-2E25-4C40-A7FC-1BFE03973888}.Release|Any CPU.Build.0 = Release|Any CPU
	EndGlobalSection
	GlobalSection(SolutionProperties) = preSolution
		HideSolutionNode = FALSE
	EndGlobalSection
	GlobalSection(ExtensibilityGlobals) = postSolution
		SolutionGuid = {14A183E6-2F5B-427C-97E1-E13F00608A0A}
	EndGlobalSection
EndGlobal
